
Microsoft Visual Studio Solution File, Format Version 12.00
# Visual Studio Version 17
VisualStudioVersion = 17.8.34511.84
MinimumVisualStudioVersion = 10.0.40219.1
Project("{FAE04EC0-301F-11D3-BF4B-00C04F79EFBC}") = "truth-table-generator", "truth-table-generator\truth-table-generator.csproj", "{1ADB7DA5-5ACE-46C6-8D42-8EF016DC776D}"
EndProject
Global
	GlobalSection(SolutionConfigurationPlatforms) = preSolution
		Debug|Any CPU = Debug|Any CPU
		Release|Any CPU = Release|Any CPU
	EndGlobalSection
	GlobalSection(ProjectConfigurationPlatforms) = postSolution
		{1ADB7DA5-5ACE-46C6-8D42-8EF016DC776D}.Debug|Any CPU.ActiveCfg = Debug|Any CPU
		{1ADB7DA5-5ACE-46C6-8D42-8EF016DC776D}.Debug|Any CPU.Build.0 = Debug|Any CPU
		{1ADB7DA5-5ACE-46C6-8D42-8EF016DC776D}.Release|Any CPU.ActiveCfg = Release|Any CPU
		{1ADB7DA5-5ACE-46C6-8D42-8EF016DC776D}.Release|Any CPU.Build.0 = Release|Any CPU
	EndGlobalSection
	GlobalSection(SolutionProperties) = preSolution
		HideSolutionNode = FALSE
	EndGlobalSection
	GlobalSection(ExtensibilityGlobals) = postSolution
		SolutionGuid = {495539A4-9DDB-45CF-91C3-99823AA87B2E}
	EndGlobalSection
EndGlobal
